
Microsoft Visual Studio Solution File, Format Version 12.00
# Visual Studio Version 17
VisualStudioVersion = 17.3.32922.545
MinimumVisualStudioVersion = 10.0.40219.1
Project("{FAE04EC0-301F-11D3-BF4B-00C04F79EFBC}") = "WebApiCoffeeShop", "WebApiCoffeeShop\WebApiCoffeeShop.csproj", "{C8406B50-D8F1-4EBD-A389-30F0581E1833}"
EndProject
Global
	GlobalSection(SolutionConfigurationPlatforms) = preSolution
		Debug|Any CPU = Debug|Any CPU
		Release|Any CPU = Release|Any CPU
	EndGlobalSection
	GlobalSection(ProjectConfigurationPlatforms) = postSolution
		{C8406B50-D8F1-4EBD-A389-30F0581E1833}.Debug|Any CPU.ActiveCfg = Debug|Any CPU
		{C8406B50-D8F1-4EBD-A389-30F0581E1833}.Debug|Any CPU.Build.0 = Debug|Any CPU
		{C8406B50-D8F1-4EBD-A389-30F0581E1833}.Release|Any CPU.ActiveCfg = Release|Any CPU
		{C8406B50-D8F1-4EBD-A389-30F0581E1833}.Release|Any CPU.Build.0 = Release|Any CPU
	EndGlobalSection
	GlobalSection(SolutionProperties) = preSolution
		HideSolutionNode = FALSE
	EndGlobalSection
	GlobalSection(ExtensibilityGlobals) = postSolution
		SolutionGuid = {F0E16A0F-1FC0-4325-A841-4BE8C74460F2}
	EndGlobalSection
EndGlobal
